
Microsoft Visual Studio Solution File, Format Version 12.00
# Visual Studio Version 16
VisualStudioVersion = 16.0.31424.327
MinimumVisualStudioVersion = 10.0.40219.1
Project("{FAE04EC0-301F-11D3-BF4B-00C04F79EFBC}") = "eShopSolution.WebApp", "eShopSolution.WebApp\eShopSolution.WebApp.csproj", "{6C1C0238-7EE4-4E0D-97C6-88F52CC6556F}"
EndProject
Project("{FAE04EC0-301F-11D3-BF4B-00C04F79EFBC}") = "eShopSolution.Data", "eShopSolution.Data\eShopSolution.Data.csproj", "{829D6E65-CDD6-4CB9-8730-97258A2222E4}"
EndProject
Project("{FAE04EC0-301F-11D3-BF4B-00C04F79EFBC}") = "eShopSolution.Application", "eShopSolution.Application\eShopSolution.Application.csproj", "{2BA7F1A9-1161-4FB9-B8D1-C205134E183B}"
EndProject
Global
	GlobalSection(SolutionConfigurationPlatforms) = preSolution
		Debug|Any CPU = Debug|Any CPU
		Release|Any CPU = Release|Any CPU
	EndGlobalSection
	GlobalSection(ProjectConfigurationPlatforms) = postSolution
		{6C1C0238-7EE4-4E0D-97C6-88F52CC6556F}.Debug|Any CPU.ActiveCfg = Debug|Any CPU
		{6C1C0238-7EE4-4E0D-97C6-88F52CC6556F}.Debug|Any CPU.Build.0 = Debug|Any CPU
		{6C1C0238-7EE4-4E0D-97C6-88F52CC6556F}.Release|Any CPU.ActiveCfg = Release|Any CPU
		{6C1C0238-7EE4-4E0D-97C6-88F52CC6556F}.Release|Any CPU.Build.0 = Release|Any CPU
		{829D6E65-CDD6-4CB9-8730-97258A2222E4}.Debug|Any CPU.ActiveCfg = Debug|Any CPU
		{829D6E65-CDD6-4CB9-8730-97258A2222E4}.Debug|Any CPU.Build.0 = Debug|Any CPU
		{829D6E65-CDD6-4CB9-8730-97258A2222E4}.Release|Any CPU.ActiveCfg = Release|Any CPU
		{829D6E65-CDD6-4CB9-8730-97258A2222E4}.Release|Any CPU.Build.0 = Release|Any CPU
		{2BA7F1A9-1161-4FB9-B8D1-C205134E183B}.Debug|Any CPU.ActiveCfg = Debug|Any CPU
		{2BA7F1A9-1161-4FB9-B8D1-C205134E183B}.Debug|Any CPU.Build.0 = Debug|Any CPU
		{2BA7F1A9-1161-4FB9-B8D1-C205134E183B}.Release|Any CPU.ActiveCfg = Release|Any CPU
		{2BA7F1A9-1161-4FB9-B8D1-C205134E183B}.Release|Any CPU.Build.0 = Release|Any CPU
	EndGlobalSection
	GlobalSection(SolutionProperties) = preSolution
		HideSolutionNode = FALSE
	EndGlobalSection
	GlobalSection(ExtensibilityGlobals) = postSolution
		SolutionGuid = {7DB79C99-AAF6-41D5-9BA0-1D6B78091684}
	EndGlobalSection
EndGlobal
